# This file is autogenerated, do not edit; changes may be undone by the next 'dep ensure'.


[[projects]]
  branch = "master"
  name = "github.com/carney520/go-debounce"
  packages = ["."]
  revision = "f6358449fd3ae9558aecff51c758f3dfc7da062c"

[[projects]]
  name = "github.com/fsnotify/fsnotify"
  packages = ["."]
  revision = "836bfd95fecc0f1511dd66bdbf2b5b61ab8b00b6"
  version = "v1.2.11"

[solve-meta]
  analyzer-name = "dep"
  analyzer-version = 1
  inputs-digest = "9570d977ad9f92a1c671407fa4c3f83282013d93b2060ddf49d3ed9ef1592d20"
  solver-name = "gps-cdcl"
  solver-version = 1
